
Microsoft Visual Studio Solution File, Format Version 12.00
# Visual Studio Version 16
VisualStudioVersion = 16.0.30804.86
MinimumVisualStudioVersion = 10.0.40219.1
Project("{8BC9CEB8-8B4A-11D0-8D11-00A0C91BC942}") = "cpptest", "cpptest.vcxproj", "{82A3AEC3-CB99-4E23-B808-FF4901CED103}"
EndProject
Global
	GlobalSection(SolutionConfigurationPlatforms) = preSolution
		Debug UnitTests|x64 = Debug UnitTests|x64
		Debug UnitTests|x86 = Debug UnitTests|x86
		Debug|x64 = Debug|x64
		Debug|x86 = Debug|x86
		Release|x64 = Release|x64
		Release|x86 = Release|x86
	EndGlobalSection
	GlobalSection(ProjectConfigurationPlatforms) = postSolution
		{82A3AEC3-CB99-4E23-B808-FF4901CED103}.Debug UnitTests|x64.ActiveCfg = Debug UnitTests|x64
		{82A3AEC3-CB99-4E23-B808-FF4901CED103}.Debug UnitTests|x64.Build.0 = Debug UnitTests|x64
		{82A3AEC3-CB99-4E23-B808-FF4901CED103}.Debug UnitTests|x86.ActiveCfg = Debug UnitTests|Win32
		{82A3AEC3-CB99-4E23-B808-FF4901CED103}.Debug UnitTests|x86.Build.0 = Debug UnitTests|Win32
		{82A3AEC3-CB99-4E23-B808-FF4901CED103}.Debug|x64.ActiveCfg = Debug|x64
		{82A3AEC3-CB99-4E23-B808-FF4901CED103}.Debug|x64.Build.0 = Debug|x64
		{82A3AEC3-CB99-4E23-B808-FF4901CED103}.Debug|x86.ActiveCfg = Debug|Win32
		{82A3AEC3-CB99-4E23-B808-FF4901CED103}.Debug|x86.Build.0 = Debug|Win32
		{82A3AEC3-CB99-4E23-B808-FF4901CED103}.Release|x64.ActiveCfg = Release|x64
		{82A3AEC3-CB99-4E23-B808-FF4901CED103}.Release|x64.Build.0 = Release|x64
		{82A3AEC3-CB99-4E23-B808-FF4901CED103}.Release|x86.ActiveCfg = Release|Win32
		{82A3AEC3-CB99-4E23-B808-FF4901CED103}.Release|x86.Build.0 = Release|Win32
	EndGlobalSection
	GlobalSection(SolutionProperties) = preSolution
		HideSolutionNode = FALSE
	EndGlobalSection
	GlobalSection(ExtensibilityGlobals) = postSolution
		SolutionGuid = {E7A61F86-F4D4-4F1A-8219-CF5E122303B5}
	EndGlobalSection
EndGlobal
