
Microsoft Visual Studio Solution File, Format Version 12.00
# Visual Studio Version 16
VisualStudioVersion = 16.0.31911.196
MinimumVisualStudioVersion = 10.0.40219.1
Project("{8BC9CEB8-8B4A-11D0-8D11-00A0C91BC942}") = "pdf417", "pdf417.vcxproj", "{3D7930AE-1E32-4E87-8D00-52DB988176FA}"
EndProject
Global
	GlobalSection(SolutionConfigurationPlatforms) = preSolution
		Debug|x86 = Debug|x86
		Release|x86 = Release|x86
	EndGlobalSection
	GlobalSection(ProjectConfigurationPlatforms) = postSolution
		{3D7930AE-1E32-4E87-8D00-52DB988176FA}.Debug|x86.ActiveCfg = Debug|Win32
		{3D7930AE-1E32-4E87-8D00-52DB988176FA}.Debug|x86.Build.0 = Debug|Win32
		{3D7930AE-1E32-4E87-8D00-52DB988176FA}.Release|x86.ActiveCfg = Release|Win32
		{3D7930AE-1E32-4E87-8D00-52DB988176FA}.Release|x86.Build.0 = Release|Win32
	EndGlobalSection
	GlobalSection(SolutionProperties) = preSolution
		HideSolutionNode = FALSE
	EndGlobalSection
	GlobalSection(ExtensibilityGlobals) = postSolution
		SolutionGuid = {CDD80000-893B-4980-8876-AEEEFB990FFC}
	EndGlobalSection
EndGlobal
