
Microsoft Visual Studio Solution File, Format Version 12.00
# Visual Studio Version 16
VisualStudioVersion = 16.0.31205.134
MinimumVisualStudioVersion = 10.0.40219.1
Project("{FAE04EC0-301F-11D3-BF4B-00C04F79EFBC}") = "WpfApp1", "WpfApp1.csproj", "{4300EBEB-75DF-406E-9ECC-B335A1D6DD29}"
EndProject
Global
	GlobalSection(SolutionConfigurationPlatforms) = preSolution
		Debug|Any CPU = Debug|Any CPU
		Release|Any CPU = Release|Any CPU
	EndGlobalSection
	GlobalSection(ProjectConfigurationPlatforms) = postSolution
		{4300EBEB-75DF-406E-9ECC-B335A1D6DD29}.Debug|Any CPU.ActiveCfg = Debug|Any CPU
		{4300EBEB-75DF-406E-9ECC-B335A1D6DD29}.Debug|Any CPU.Build.0 = Debug|Any CPU
		{4300EBEB-75DF-406E-9ECC-B335A1D6DD29}.Release|Any CPU.ActiveCfg = Release|Any CPU
		{4300EBEB-75DF-406E-9ECC-B335A1D6DD29}.Release|Any CPU.Build.0 = Release|Any CPU
	EndGlobalSection
	GlobalSection(SolutionProperties) = preSolution
		HideSolutionNode = FALSE
	EndGlobalSection
	GlobalSection(ExtensibilityGlobals) = postSolution
		SolutionGuid = {AF4EEAD5-4623-46BC-A2EE-0682BE7A534C}
	EndGlobalSection
EndGlobal
